
Microsoft Visual Studio Solution File, Format Version 11.00
# Visual Studio 2010
Project("{FAE04EC0-301F-11D3-BF4B-00C04F79EFBC}") = "SqlBuilder", "SqlBuilder.csproj", "{1D0B7F21-2930-4C6E-AA04-9B771D0DAD8F}"
EndProject
Global
	GlobalSection(SolutionConfigurationPlatforms) = preSolution
		Debug|Any CPU = Debug|Any CPU
		Release|Any CPU = Release|Any CPU
	EndGlobalSection
	GlobalSection(ProjectConfigurationPlatforms) = postSolution
		{1D0B7F21-2930-4C6E-AA04-9B771D0DAD8F}.Debug|Any CPU.ActiveCfg = Debug|Any CPU
		{1D0B7F21-2930-4C6E-AA04-9B771D0DAD8F}.Debug|Any CPU.Build.0 = Debug|Any CPU
		{1D0B7F21-2930-4C6E-AA04-9B771D0DAD8F}.Release|Any CPU.ActiveCfg = Release|Any CPU
		{1D0B7F21-2930-4C6E-AA04-9B771D0DAD8F}.Release|Any CPU.Build.0 = Release|Any CPU
	EndGlobalSection
	GlobalSection(MonoDevelopProperties) = preSolution
		StartupItem = SqlBuilder.csproj
	EndGlobalSection
EndGlobal
